Terraform will perform the following actions:

  # azurerm_availability_set.example will be created
  + resource "azurerm_availability_set" "example" {
      + id                           = (known after apply)
      + location                     = "centralindia"
      + managed                      = true
      + name                         = "UdacityAzureInfra-availabilityset"
      + platform_fault_domain_count  = 3
      + platform_update_domain_count = 5
      + resource_group_name          = "UdacityAzureInfra-resources"
      + tags                         = {
          + "environment" = "testing"
        }
    }

  # azurerm_lb.example will be created
  + resource "azurerm_lb" "example" {
      + id                   = (known after apply)
      + location             = "centralindia"
      + name                 = "UdacityAzureInfra-lb"
      + private_ip_address   = (known after apply)
      + private_ip_addresses = (known after apply)
      + resource_group_name  = "UdacityAzureInfra-resources"
      + sku                  = "Basic"
      + sku_tier             = "Regional"

      + frontend_ip_configuration {
          + gateway_load_balancer_frontend_ip_configuration_id = (known after apply)
          + id                                                 = (known after apply)
          + inbound_nat_rules                                  = (known after apply)
          + load_balancer_rules                                = (known after apply)
          + name                                               = "UdacityAzureInfra-PublicIPAddress"
          + outbound_rules                                     = (known after apply)
          + private_ip_address                                 = (known after apply)
          + private_ip_address_allocation                      = (known after apply)
          + private_ip_address_version                         = (known after apply)
          + public_ip_address_id                               = (known after apply)
          + public_ip_prefix_id                                = (known after apply)
          + subnet_id                                          = (known after apply)
        }
    }

  # azurerm_lb_backend_address_pool.example will be created
  + resource "azurerm_lb_backend_address_pool" "example" {
      + backend_ip_configurations = (known after apply)
      + id                        = (known after apply)
      + inbound_nat_rules         = (known after apply)
      + load_balancing_rules      = (known after apply)
      + loadbalancer_id           = (known after apply)
      + name                      = "BackEndAddressPool"
      + outbound_rules            = (known after apply)
    }

  # azurerm_linux_virtual_machine.example[0] will be created
  + resource "azurerm_linux_virtual_machine" "example" {
      + admin_password                  = (sensitive value)
      + admin_username                  = "azureuser"
      + allow_extension_operations      = true
      + computer_name                   = (known after apply)
      + disable_password_authentication = false
      + extensions_time_budget          = "PT1H30M"
      + id                              = (known after apply)
      + location                        = "centralindia"
      + max_bid_price                   = -1
      + name                            = "One"
      + network_interface_ids           = (known after apply)
      + patch_assessment_mode           = "ImageDefault"
      + patch_mode                      = "ImageDefault"
      + platform_fault_domain           = -1
      + priority                        = "Regular"
      + private_ip_address              = (known after apply)
      + private_ip_addresses            = (known after apply)
      + provision_vm_agent              = true
      + public_ip_address               = (known after apply)
      + public_ip_addresses             = (known after apply)
      + resource_group_name             = "UdacityAzureInfra-resources"
      + size                            = "Standard_D2s_v3"
      + source_image_id                 = "/subscriptions/80d3ddff-8440-41d1-bfb3-5ad77c579184/resourceGroups/cloud-shell-storage-centralindia/providers/Microsoft.Compute/images/myPackerImage"
      + virtual_machine_id              = (known after apply)

      + os_disk {
          + caching                   = "ReadWrite"
          + disk_size_gb              = (known after apply)
          + name                      = (known after apply)
          + storage_account_type      = "Standard_LRS"
          + write_accelerator_enabled = false
        }

      + termination_notification {
          + enabled = (known after apply)
          + timeout = (known after apply)
        }
    }

  # azurerm_linux_virtual_machine.example[1] will be created
  + resource "azurerm_linux_virtual_machine" "example" {
      + admin_password                  = (sensitive value)
      + admin_username                  = "azureuser"
      + allow_extension_operations      = true
      + computer_name                   = (known after apply)
      + disable_password_authentication = false
      + extensions_time_budget          = "PT1H30M"
      + id                              = (known after apply)
      + location                        = "centralindia"
      + max_bid_price                   = -1
      + name                            = "Two"
      + network_interface_ids           = (known after apply)
      + patch_assessment_mode           = "ImageDefault"
      + patch_mode                      = "ImageDefault"
      + platform_fault_domain           = -1
      + priority                        = "Regular"
      + private_ip_address              = (known after apply)
      + private_ip_addresses            = (known after apply)
      + provision_vm_agent              = true
      + public_ip_address               = (known after apply)
      + public_ip_addresses             = (known after apply)
      + resource_group_name             = "UdacityAzureInfra-resources"
      + size                            = "Standard_D2s_v3"
      + source_image_id                 = "/subscriptions/80d3ddff-8440-41d1-bfb3-5ad77c579184/resourceGroups/cloud-shell-storage-centralindia/providers/Microsoft.Compute/images/myPackerImage"
      + virtual_machine_id              = (known after apply)

      + os_disk {
          + caching                   = "ReadWrite"
          + disk_size_gb              = (known after apply)
          + name                      = (known after apply)
          + storage_account_type      = "Standard_LRS"
          + write_accelerator_enabled = false
        }

      + termination_notification {
          + enabled = (known after apply)
          + timeout = (known after apply)
        }
    }

  # azurerm_managed_disk.example will be created
  + resource "azurerm_managed_disk" "example" {
      + create_option                 = "Empty"
      + disk_iops_read_only           = (known after apply)
      + disk_iops_read_write          = (known after apply)
      + disk_mbps_read_only           = (known after apply)
      + disk_mbps_read_write          = (known after apply)
      + disk_size_gb                  = 1
      + id                            = (known after apply)
      + location                      = "centralindia"
      + logical_sector_size           = (known after apply)
      + max_shares                    = (known after apply)
      + name                          = "UdacityAzureInfra-manageddisk"
      + public_network_access_enabled = true
      + resource_group_name           = "UdacityAzureInfra-resources"
      + source_uri                    = (known after apply)
      + storage_account_type          = "Standard_LRS"
      + tags                          = {
          + "environment" = "testing"
        }
      + tier                          = (known after apply)
    }

  # azurerm_network_interface.example[0] will be created
  + resource "azurerm_network_interface" "example" {
      + applied_dns_servers           = (known after apply)
      + dns_servers                   = (known after apply)
      + enable_accelerated_networking = false
      + enable_ip_forwarding          = false
      + id                            = (known after apply)
      + internal_dns_name_label       = (known after apply)
      + internal_domain_name_suffix   = (known after apply)
      + location                      = "centralindia"
      + mac_address                   = (known after apply)
      + name                          = "One"
      + private_ip_address            = (known after apply)
      + private_ip_addresses          = (known after apply)
      + resource_group_name           = "UdacityAzureInfra-resources"
      + tags                          = {
          + "environment" = "testing"
        }
      + virtual_machine_id            = (known after apply)

      + ip_configuration {
          + gateway_load_balancer_frontend_ip_configuration_id = (known after apply)
          + name                                               = "UdacityAzureInfra-ipconfig"
          + primary                                            = (known after apply)
          + private_ip_address                                 = (known after apply)
          + private_ip_address_allocation                      = "Dynamic"
          + private_ip_address_version                         = "IPv4"
          + subnet_id                                          = (known after apply)
        }
    }

  # azurerm_network_interface.example[1] will be created
  + resource "azurerm_network_interface" "example" {
      + applied_dns_servers           = (known after apply)
      + dns_servers                   = (known after apply)
      + enable_accelerated_networking = false
      + enable_ip_forwarding          = false
      + id                            = (known after apply)
      + internal_dns_name_label       = (known after apply)
      + internal_domain_name_suffix   = (known after apply)
      + location                      = "centralindia"
      + mac_address                   = (known after apply)
      + name                          = "Two"
      + private_ip_address            = (known after apply)
      + private_ip_addresses          = (known after apply)
      + resource_group_name           = "UdacityAzureInfra-resources"
      + tags                          = {
          + "environment" = "testing"
        }
      + virtual_machine_id            = (known after apply)

      + ip_configuration {
          + gateway_load_balancer_frontend_ip_configuration_id = (known after apply)
          + name                                               = "UdacityAzureInfra-ipconfig"
          + primary                                            = (known after apply)
          + private_ip_address                                 = (known after apply)
          + private_ip_address_allocation                      = "Dynamic"
          + private_ip_address_version                         = "IPv4"
          + subnet_id                                          = (known after apply)
        }
    }

  # azurerm_network_security_group.example will be created
  + resource "azurerm_network_security_group" "example" {
      + id                  = (known after apply)
      + location            = "centralindia"
      + name                = "UdacityAzureInfra-SecurityGroup"
      + resource_group_name = "UdacityAzureInfra-resources"
      + security_rule       = [
          + {
              + access                                     = "Allow"
              + description                                = ""
              + destination_address_prefix                 = "*"
              + destination_address_prefixes               = []
              + destination_application_security_group_ids = []
              + destination_port_range                     = "*"
              + destination_port_ranges                    = []
              + direction                                  = "Outbound"
              + name                                       = "UdacityAzureInfra-SecurityRule2"
              + priority                                   = 100
              + protocol                                   = "Tcp"
              + source_address_prefix                      = "*"
              + source_address_prefixes                    = []
              + source_application_security_group_ids      = []
              + source_port_range                          = "*"
              + source_port_ranges                         = []
            },
          + {
              + access                                     = "Deny"
              + description                                = ""
              + destination_address_prefix                 = "*"
              + destination_address_prefixes               = []
              + destination_application_security_group_ids = []
              + destination_port_range                     = "*"
              + destination_port_ranges                    = []
              + direction                                  = "Inbound"
              + name                                       = "UdacityAzureInfra-SecurityRule1"
              + priority                                   = 100
              + protocol                                   = "Tcp"
              + source_address_prefix                      = "*"
              + source_address_prefixes                    = []
              + source_application_security_group_ids      = []
              + source_port_range                          = "*"
              + source_port_ranges                         = []
            },
        ]
    }

  # azurerm_public_ip.example will be created
  + resource "azurerm_public_ip" "example" {
      + allocation_method       = "Static"
      + domain_name_label       = (known after apply)
      + fqdn                    = (known after apply)
      + id                      = (known after apply)
      + idle_timeout_in_minutes = 4
      + ip_address              = (known after apply)
      + ip_version              = "IPv4"
      + location                = "centralindia"
      + name                    = "UdacityAzureInfra-public-ip"
      + resource_group_name     = "UdacityAzureInfra-resources"
      + sku                     = "Basic"
      + sku_tier                = "Regional"
    }

  # azurerm_resource_group.example will be created
  + resource "azurerm_resource_group" "example" {
      + id       = (known after apply)
      + location = "centralindia"
      + name     = "UdacityAzureInfra-resources"
    }

  # azurerm_subnet.example will be created
  + resource "azurerm_subnet" "example" {
      + address_prefixes                               = [
          + "10.0.2.0/24",
        ]
      + enforce_private_link_endpoint_network_policies = (known after apply)
      + enforce_private_link_service_network_policies  = (known after apply)
      + id                                             = (known after apply)
      + name                                           = "UdacityAzureInfra-subnet"
      + private_endpoint_network_policies_enabled      = (known after apply)
      + private_link_service_network_policies_enabled  = (known after apply)
      + resource_group_name                            = "UdacityAzureInfra-resources"
      + virtual_network_name                           = "UdacityAzureInfra-network"
    }

  # azurerm_virtual_network.example will be created
  + resource "azurerm_virtual_network" "example" {
      + address_space       = [
          + "10.0.0.0/16",
        ]
      + dns_servers         = (known after apply)
      + guid                = (known after apply)
      + id                  = (known after apply)
      + location            = "centralindia"
      + name                = "UdacityAzureInfra-network"
      + resource_group_name = "UdacityAzureInfra-resources"
      + subnet              = (known after apply)
    }

  # random_string.fqdn will be created
  + resource "random_string" "fqdn" {
      + id          = (known after apply)
      + length      = 6
      + lower       = true
      + min_lower   = 0
      + min_numeric = 0
      + min_special = 0
      + min_upper   = 0
      + number      = false
      + numeric     = false
      + result      = (known after apply)
      + special     = false
      + upper       = false
    }

Plan: 14 to add, 0 to change, 0 to destroy.
